// !$*UTF8*$!
{
	archiveVersion = 1;
	classes = {
	};
	objectVersion = 47;
	objects = {

/* Begin PBXBuildFile section */
		2F5568AD2178C44D00652D06 /* Magic-Number-Machine.pdf in Resources */ = {isa = PBXBuildFile; fileRef = 2F5568AC2178C44D00652D06 /* Magic-Number-Machine.pdf */; };
		2F5568B82179255A00652D06 /* SpanishGUI.strings in Resources */ = {isa = PBXBuildFile; fileRef = 2F5568B62179255A00652D06 /* SpanishGUI.strings */; };
		2F5568BE2179256F00652D06 /* FrenchGUI.strings in Resources */ = {isa = PBXBuildFile; fileRef = 2F5568B92179256F00652D06 /* FrenchGUI.strings */; };
		2F5568C42179258100652D06 /* ItalianGUI.strings in Resources */ = {isa = PBXBuildFile; fileRef = 2F5568C02179258100652D06 /* ItalianGUI.strings */; };
		2F6947931B1771FC0012C173 /* Media.xcassets in Resources */ = {isa = PBXBuildFile; fileRef = 2F6947921B1771FC0012C173 /* Media.xcassets */; };
		2F6947991B17B60A0012C173 /* History.h in Headers */ = {isa = PBXBuildFile; fileRef = 2F6947971B17B60A0012C173 /* History.h */; };
		2F69479A1B17B60A0012C173 /* History.m in Sources */ = {isa = PBXBuildFile; fileRef = 2F6947981B17B60A0012C173 /* History.m */; };
		475DA31C29B4A664002DB3FF /* Magic_Number_Machine_Buttons.html in Resources */ = {isa = PBXBuildFile; fileRef = C900A91C05588FB000809D76 /* Magic_Number_Machine_Buttons.html */; };
		475DA32E29B528EF002DB3FF /* 2nd.svg in Resources */ = {isa = PBXBuildFile; fileRef = 475DA32529B528EE002DB3FF /* 2nd.svg */; };
		475DA32F29B528EF002DB3FF /* 10x.svg in Resources */ = {isa = PBXBuildFile; fileRef = 475DA32629B528EE002DB3FF /* 10x.svg */; };
		475DA33029B528EF002DB3FF /* reciprocal.svg in Resources */ = {isa = PBXBuildFile; fileRef = 475DA32729B528EE002DB3FF /* reciprocal.svg */; };
		475DA33129B528EF002DB3FF /* xcubed.svg in Resources */ = {isa = PBXBuildFile; fileRef = 475DA32829B528EE002DB3FF /* xcubed.svg */; };
		475DA33229B528EF002DB3FF /* xsquared.svg in Resources */ = {isa = PBXBuildFile; fileRef = 475DA32929B528EE002DB3FF /* xsquared.svg */; };
		475DA33329B528EF002DB3FF /* etox.svg in Resources */ = {isa = PBXBuildFile; fileRef = 475DA32A29B528EE002DB3FF /* etox.svg */; };
		475DA33429B528EF002DB3FF /* xtoy.svg in Resources */ = {isa = PBXBuildFile; fileRef = 475DA32B29B528EF002DB3FF /* xtoy.svg */; };
		475DA33529B528EF002DB3FF /* CubeRoot.svg in Resources */ = {isa = PBXBuildFile; fileRef = 475DA32C29B528EF002DB3FF /* CubeRoot.svg */; };
		475DA33629B528EF002DB3FF /* 2x.svg in Resources */ = {isa = PBXBuildFile; fileRef = 475DA32D29B528EF002DB3FF /* 2x.svg */; };
		47B96FD51B11E0EE0064FEEB /* NSObject+NSPerformSelector.h in Headers */ = {isa = PBXBuildFile; fileRef = 47B96FD31B11E0EE0064FEEB /* NSObject+NSPerformSelector.h */; };
		47B96FD61B11E0EE0064FEEB /* NSObject+NSPerformSelector.m in Sources */ = {isa = PBXBuildFile; fileRef = 47B96FD41B11E0EE0064FEEB /* NSObject+NSPerformSelector.m */; };
		47D8742329B694E100F94CEE /* SYFlatButton.h in Headers */ = {isa = PBXBuildFile; fileRef = 47D8742129B694E100F94CEE /* SYFlatButton.h */; };
		47D8742429B694E100F94CEE /* SYFlatButton.m in Sources */ = {isa = PBXBuildFile; fileRef = 47D8742229B694E100F94CEE /* SYFlatButton.m */; };
		8D11072D0486CEB800E47090 /* main.m in Sources */ = {isa = PBXBuildFile; fileRef = 29B97316FDCFA39411CA2CEA /* main.m */; settings = {ATTRIBUTES = (); }; };
		C900A87805588DFA00809D76 /* DataManager.m in Sources */ = {isa = PBXBuildFile; fileRef = C900A87205588DFA00809D76 /* DataManager.m */; };
		C900A87A05588DFA00809D76 /* InputManager.m in Sources */ = {isa = PBXBuildFile; fileRef = C900A87405588DFA00809D76 /* InputManager.m */; };
		C900A87B05588DFA00809D76 /* DrawerManager.m in Sources */ = {isa = PBXBuildFile; fileRef = C900A87505588DFA00809D76 /* DrawerManager.m */; };
		C900A8BD05588E2E00809D76 /* HistoryCell.m in Sources */ = {isa = PBXBuildFile; fileRef = C900A8B305588E2E00809D76 /* HistoryCell.m */; };
		C900A8BF05588E2E00809D76 /* MainWindow.m in Sources */ = {isa = PBXBuildFile; fileRef = C900A8B505588E2E00809D76 /* MainWindow.m */; };
		C900A8C105588E2E00809D76 /* BlankingView.m in Sources */ = {isa = PBXBuildFile; fileRef = C900A8B705588E2E00809D76 /* BlankingView.m */; };
		C900A8C305588E2E00809D76 /* DrawerView.m in Sources */ = {isa = PBXBuildFile; fileRef = C900A8B905588E2E00809D76 /* DrawerView.m */; };
		C900A8C505588E2E00809D76 /* ExpressionDisplay.m in Sources */ = {isa = PBXBuildFile; fileRef = C900A8BB05588E2E00809D76 /* ExpressionDisplay.m */; };
		C900A8D705588E6700809D76 /* PreOp.m in Sources */ = {isa = PBXBuildFile; fileRef = C900A8C705588E6700809D76 /* PreOp.m */; };
		C900A8D805588E6700809D76 /* PostOp.m in Sources */ = {isa = PBXBuildFile; fileRef = C900A8C805588E6700809D76 /* PostOp.m */; };
		C900A8DA05588E6700809D76 /* TreeHead.m in Sources */ = {isa = PBXBuildFile; fileRef = C900A8CA05588E6700809D76 /* TreeHead.m */; };
		C900A8DB05588E6700809D76 /* Value.m in Sources */ = {isa = PBXBuildFile; fileRef = C900A8CB05588E6700809D76 /* Value.m */; };
		C900A8DD05588E6700809D76 /* BinaryOp.m in Sources */ = {isa = PBXBuildFile; fileRef = C900A8CD05588E6700809D76 /* BinaryOp.m */; };
		C900A8DE05588E6700809D76 /* Bracket.m in Sources */ = {isa = PBXBuildFile; fileRef = C900A8CE05588E6700809D76 /* Bracket.m */; };
		C900A8E005588E6700809D76 /* Constant.m in Sources */ = {isa = PBXBuildFile; fileRef = C900A8D005588E6700809D76 /* Constant.m */; };
		C900A8E205588E6700809D76 /* Expression.m in Sources */ = {isa = PBXBuildFile; fileRef = C900A8D205588E6700809D76 /* Expression.m */; };
		C900A8EB05588E7200809D76 /* BigFloat.m in Sources */ = {isa = PBXBuildFile; fileRef = C900A8E705588E7200809D76 /* BigFloat.m */; };
		C900A8ED05588E7200809D76 /* BigCFloat.m in Sources */ = {isa = PBXBuildFile; fileRef = C900A8E905588E7200809D76 /* BigCFloat.m */; };
		C900A8F805588EA300809D76 /* CallBack.m in Sources */ = {isa = PBXBuildFile; fileRef = C900A8F005588EA300809D76 /* CallBack.m */; };
		C900A8F905588EA300809D76 /* ExpressionSymbols.m in Sources */ = {isa = PBXBuildFile; fileRef = C900A8F105588EA300809D76 /* ExpressionSymbols.m */; };
		C900A8FB05588EA300809D76 /* DataFunctions.m in Sources */ = {isa = PBXBuildFile; fileRef = C900A8F305588EA300809D76 /* DataFunctions.m */; };
		C900A92A05588FC400809D76 /* Icon.icns in Resources */ = {isa = PBXBuildFile; fileRef = C900A92905588FC400809D76 /* Icon.icns */; };
		C956BF2D05E8C099002D425F /* Localizable.strings in Resources */ = {isa = PBXBuildFile; fileRef = C956BF2B05E8C099002D425F /* Localizable.strings */; };
		C95D1E450F536BC000851908 /* MNMWindow.nib in Resources */ = {isa = PBXBuildFile; fileRef = C95D1E430F536BC000851908 /* MNMWindow.nib */; };
/* End PBXBuildFile section */

/* Begin PBXFileReference section */
		1058C7A1FEA54F0111CA2CBB /* Cocoa.framework */ = {isa = PBXFileReference; lastKnownFileType = wrapper.framework; name = Cocoa.framework; path = /System/Library/Frameworks/Cocoa.framework; sourceTree = "<absolute>"; };
		29B97316FDCFA39411CA2CEA /* main.m */ = {isa = PBXFileReference; fileEncoding = 30; lastKnownFileType = sourcecode.c.objc; path = main.m; sourceTree = "<group>"; };
		2F5568AC2178C44D00652D06 /* Magic-Number-Machine.pdf */ = {isa = PBXFileReference; lastKnownFileType = image.pdf; path = "Magic-Number-Machine.pdf"; sourceTree = "<group>"; };
		2F5568B42179255A00652D06 /* es */ = {isa = PBXFileReference; lastKnownFileType = wrapper.nib; name = es; path = es.lproj/MNMWindow.nib; sourceTree = "<group>"; };
		2F5568B52179255A00652D06 /* es */ = {isa = PBXFileReference; lastKnownFileType = text.plist.strings; name = es; path = es.lproj/Localizable.strings; sourceTree = "<group>"; };
		2F5568B72179255A00652D06 /* es */ = {isa = PBXFileReference; lastKnownFileType = text.plist.strings; name = es; path = es.lproj/SpanishGUI.strings; sourceTree = "<group>"; };
		2F5568BA2179256F00652D06 /* fr */ = {isa = PBXFileReference; lastKnownFileType = text.plist.strings; name = fr; path = fr.lproj/FrenchGUI.strings; sourceTree = "<group>"; };
		2F5568BB2179256F00652D06 /* fr */ = {isa = PBXFileReference; lastKnownFileType = text.plist.strings; name = fr; path = fr.lproj/InfoPlist.strings; sourceTree = "<group>"; };
		2F5568BC2179256F00652D06 /* fr */ = {isa = PBXFileReference; lastKnownFileType = wrapper.nib; name = fr; path = fr.lproj/MNMWindow.nib; sourceTree = "<group>"; };
		2F5568BD2179256F00652D06 /* fr */ = {isa = PBXFileReference; lastKnownFileType = text.plist.strings; name = fr; path = fr.lproj/Localizable.strings; sourceTree = "<group>"; };
		2F5568BF2179258100652D06 /* it */ = {isa = PBXFileReference; lastKnownFileType = wrapper.nib; name = it; path = it.lproj/MNMWindow.nib; sourceTree = "<group>"; };
		2F5568C12179258100652D06 /* it */ = {isa = PBXFileReference; lastKnownFileType = text.plist.strings; name = it; path = it.lproj/ItalianGUI.strings; sourceTree = "<group>"; };
		2F5568C22179258100652D06 /* it */ = {isa = PBXFileReference; lastKnownFileType = text.plist.strings; name = it; path = it.lproj/Localizable.strings; sourceTree = "<group>"; };
		2F5568C32179258100652D06 /* it */ = {isa = PBXFileReference; lastKnownFileType = text.plist.strings; name = it; path = it.lproj/InfoPlist.strings; sourceTree = "<group>"; };
		2F6947921B1771FC0012C173 /* Media.xcassets */ = {isa = PBXFileReference; lastKnownFileType = folder.assetcatalog; path = Media.xcassets; sourceTree = "<group>"; };
		2F6947941B17B3EC0012C173 /* Magic Number Machine-Bridging-Header.h */ = {isa = PBXFileReference; lastKnownFileType = sourcecode.c.h; path = "Magic Number Machine-Bridging-Header.h"; sourceTree = "<group>"; };
		2F6947971B17B60A0012C173 /* History.h */ = {isa = PBXFileReference; fileEncoding = 4; lastKnownFileType = sourcecode.c.h; path = History.h; sourceTree = "<group>"; };
		2F6947981B17B60A0012C173 /* History.m */ = {isa = PBXFileReference; fileEncoding = 4; lastKnownFileType = sourcecode.c.objc; path = History.m; sourceTree = "<group>"; };
		32CA4F630368D1EE00C91783 /* Magic Number Machine_Prefix.pch */ = {isa = PBXFileReference; fileEncoding = 4; lastKnownFileType = sourcecode.c.h; path = "Magic Number Machine_Prefix.pch"; sourceTree = "<group>"; };
		475793F229AE3E360055DEB4 /* en */ = {isa = PBXFileReference; lastKnownFileType = text.plist.strings; name = en; path = en.lproj/InfoPlist.strings; sourceTree = "<group>"; };
		475793F329AE3E360055DEB4 /* en */ = {isa = PBXFileReference; lastKnownFileType = text.plist.strings; name = en; path = en.lproj/Localizable.strings; sourceTree = "<group>"; };
		475DA32529B528EE002DB3FF /* 2nd.svg */ = {isa = PBXFileReference; fileEncoding = 4; lastKnownFileType = text.xml; path = 2nd.svg; sourceTree = "<group>"; };
		475DA32629B528EE002DB3FF /* 10x.svg */ = {isa = PBXFileReference; fileEncoding = 4; lastKnownFileType = text.xml; path = 10x.svg; sourceTree = "<group>"; };
		475DA32729B528EE002DB3FF /* reciprocal.svg */ = {isa = PBXFileReference; fileEncoding = 4; lastKnownFileType = text.xml; path = reciprocal.svg; sourceTree = "<group>"; };
		475DA32829B528EE002DB3FF /* xcubed.svg */ = {isa = PBXFileReference; fileEncoding = 4; lastKnownFileType = text.xml; path = xcubed.svg; sourceTree = "<group>"; };
		475DA32929B528EE002DB3FF /* xsquared.svg */ = {isa = PBXFileReference; fileEncoding = 4; lastKnownFileType = text.xml; path = xsquared.svg; sourceTree = "<group>"; };
		475DA32A29B528EE002DB3FF /* etox.svg */ = {isa = PBXFileReference; fileEncoding = 4; lastKnownFileType = text.xml; path = etox.svg; sourceTree = "<group>"; };
		475DA32B29B528EF002DB3FF /* xtoy.svg */ = {isa = PBXFileReference; fileEncoding = 4; lastKnownFileType = text.xml; path = xtoy.svg; sourceTree = "<group>"; };
		475DA32C29B528EF002DB3FF /* CubeRoot.svg */ = {isa = PBXFileReference; fileEncoding = 4; lastKnownFileType = text.xml; path = CubeRoot.svg; sourceTree = "<group>"; };
		475DA32D29B528EF002DB3FF /* 2x.svg */ = {isa = PBXFileReference; fileEncoding = 4; lastKnownFileType = text.xml; path = 2x.svg; sourceTree = "<group>"; };
		475F2C72217272C000D8EB2E /* Base */ = {isa = PBXFileReference; lastKnownFileType = wrapper.nib; name = Base; path = Base.lproj/MNMWindow.nib; sourceTree = "<group>"; };
		47B96FD31B11E0EE0064FEEB /* NSObject+NSPerformSelector.h */ = {isa = PBXFileReference; fileEncoding = 4; lastKnownFileType = sourcecode.c.h; path = "NSObject+NSPerformSelector.h"; sourceTree = "<group>"; };
		47B96FD41B11E0EE0064FEEB /* NSObject+NSPerformSelector.m */ = {isa = PBXFileReference; fileEncoding = 4; lastKnownFileType = sourcecode.c.objc; path = "NSObject+NSPerformSelector.m"; sourceTree = "<group>"; };
		47B96FD71B13372E0064FEEB /* README.md */ = {isa = PBXFileReference; fileEncoding = 4; lastKnownFileType = net.daringfireball.markdown; path = README.md; sourceTree = "<group>"; };
		47D8742129B694E100F94CEE /* SYFlatButton.h */ = {isa = PBXFileReference; fileEncoding = 4; lastKnownFileType = sourcecode.c.h; path = SYFlatButton.h; sourceTree = "<group>"; };
		47D8742229B694E100F94CEE /* SYFlatButton.m */ = {isa = PBXFileReference; fileEncoding = 4; lastKnownFileType = sourcecode.c.objc; path = SYFlatButton.m; sourceTree = "<group>"; };
		47D8742529B7884200F94CEE /* de */ = {isa = PBXFileReference; lastKnownFileType = text.plist.strings; name = de; path = de.lproj/MNMWindow.strings; sourceTree = "<group>"; };
		47D8742629B7884200F94CEE /* de */ = {isa = PBXFileReference; lastKnownFileType = text.plist.strings; name = de; path = de.lproj/Localizable.strings; sourceTree = "<group>"; };
		47D8742729B7884200F94CEE /* de */ = {isa = PBXFileReference; lastKnownFileType = text.plist.strings; name = de; path = de.lproj/InfoPlist.strings; sourceTree = "<group>"; };
		8D1107310486CEB800E47090 /* Info.plist */ = {isa = PBXFileReference; fileEncoding = 4; lastKnownFileType = text.plist.xml; path = Info.plist; sourceTree = "<group>"; };
		8D1107320486CEB800E47090 /* Magic Number Machine.app */ = {isa = PBXFileReference; explicitFileType = wrapper.application; includeInIndex = 0; path = "Magic Number Machine.app"; sourceTree = BUILT_PRODUCTS_DIR; };
		C900A87105588DFA00809D76 /* InputManager.h */ = {isa = PBXFileReference; fileEncoding = 4; lastKnownFileType = sourcecode.c.h; path = InputManager.h; sourceTree = "<group>"; };
		C900A87205588DFA00809D76 /* DataManager.m */ = {isa = PBXFileReference; fileEncoding = 4; lastKnownFileType = sourcecode.c.objc; path = DataManager.m; sourceTree = "<group>"; };
		C900A87305588DFA00809D76 /* DrawerManager.h */ = {isa = PBXFileReference; fileEncoding = 4; lastKnownFileType = sourcecode.c.h; path = DrawerManager.h; sourceTree = "<group>"; };
		C900A87405588DFA00809D76 /* InputManager.m */ = {isa = PBXFileReference; fileEncoding = 4; lastKnownFileType = sourcecode.c.objc; path = InputManager.m; sourceTree = "<group>"; };
		C900A87505588DFA00809D76 /* DrawerManager.m */ = {isa = PBXFileReference; fileEncoding = 4; lastKnownFileType = sourcecode.c.objc; path = DrawerManager.m; sourceTree = "<group>"; };
		C900A87605588DFA00809D76 /* DataManager.h */ = {isa = PBXFileReference; fileEncoding = 4; lastKnownFileType = sourcecode.c.h; path = DataManager.h; sourceTree = "<group>"; };
		C900A8B205588E2E00809D76 /* MainWindow.h */ = {isa = PBXFileReference; fileEncoding = 4; lastKnownFileType = sourcecode.c.h; path = MainWindow.h; sourceTree = "<group>"; };
		C900A8B305588E2E00809D76 /* HistoryCell.m */ = {isa = PBXFileReference; fileEncoding = 4; lastKnownFileType = sourcecode.c.objc; path = HistoryCell.m; sourceTree = "<group>"; };
		C900A8B405588E2E00809D76 /* HistoryCell.h */ = {isa = PBXFileReference; fileEncoding = 4; lastKnownFileType = sourcecode.c.h; path = HistoryCell.h; sourceTree = "<group>"; };
		C900A8B505588E2E00809D76 /* MainWindow.m */ = {isa = PBXFileReference; fileEncoding = 4; lastKnownFileType = sourcecode.c.objc; path = MainWindow.m; sourceTree = "<group>"; };
		C900A8B605588E2E00809D76 /* BlankingView.h */ = {isa = PBXFileReference; fileEncoding = 4; lastKnownFileType = sourcecode.c.h; path = BlankingView.h; sourceTree = "<group>"; };
		C900A8B705588E2E00809D76 /* BlankingView.m */ = {isa = PBXFileReference; fileEncoding = 4; lastKnownFileType = sourcecode.c.objc; path = BlankingView.m; sourceTree = "<group>"; };
		C900A8B805588E2E00809D76 /* DrawerView.h */ = {isa = PBXFileReference; fileEncoding = 4; lastKnownFileType = sourcecode.c.h; path = DrawerView.h; sourceTree = "<group>"; };
		C900A8B905588E2E00809D76 /* DrawerView.m */ = {isa = PBXFileReference; fileEncoding = 4; lastKnownFileType = sourcecode.c.objc; path = DrawerView.m; sourceTree = "<group>"; };
		C900A8BA05588E2E00809D76 /* ExpressionDisplay.h */ = {isa = PBXFileReference; fileEncoding = 4; lastKnownFileType = sourcecode.c.h; path = ExpressionDisplay.h; sourceTree = "<group>"; };
		C900A8BB05588E2E00809D76 /* ExpressionDisplay.m */ = {isa = PBXFileReference; fileEncoding = 4; lastKnownFileType = sourcecode.c.objc; path = ExpressionDisplay.m; sourceTree = "<group>"; };
		C900A8C605588E6700809D76 /* PreOp.h */ = {isa = PBXFileReference; fileEncoding = 4; lastKnownFileType = sourcecode.c.h; path = PreOp.h; sourceTree = "<group>"; };
		C900A8C705588E6700809D76 /* PreOp.m */ = {isa = PBXFileReference; fileEncoding = 4; lastKnownFileType = sourcecode.c.objc; path = PreOp.m; sourceTree = "<group>"; };
		C900A8C805588E6700809D76 /* PostOp.m */ = {isa = PBXFileReference; fileEncoding = 4; lastKnownFileType = sourcecode.c.objc; path = PostOp.m; sourceTree = "<group>"; };
		C900A8C905588E6700809D76 /* TreeHead.h */ = {isa = PBXFileReference; fileEncoding = 4; lastKnownFileType = sourcecode.c.h; path = TreeHead.h; sourceTree = "<group>"; };
		C900A8CA05588E6700809D76 /* TreeHead.m */ = {isa = PBXFileReference; fileEncoding = 4; lastKnownFileType = sourcecode.c.objc; path = TreeHead.m; sourceTree = "<group>"; };
		C900A8CB05588E6700809D76 /* Value.m */ = {isa = PBXFileReference; fileEncoding = 4; lastKnownFileType = sourcecode.c.objc; path = Value.m; sourceTree = "<group>"; };
		C900A8CC05588E6700809D76 /* Value.h */ = {isa = PBXFileReference; fileEncoding = 4; lastKnownFileType = sourcecode.c.h; path = Value.h; sourceTree = "<group>"; };
		C900A8CD05588E6700809D76 /* BinaryOp.m */ = {isa = PBXFileReference; fileEncoding = 4; lastKnownFileType = sourcecode.c.objc; path = BinaryOp.m; sourceTree = "<group>"; };
		C900A8CE05588E6700809D76 /* Bracket.m */ = {isa = PBXFileReference; fileEncoding = 4; lastKnownFileType = sourcecode.c.objc; path = Bracket.m; sourceTree = "<group>"; };
		C900A8CF05588E6700809D76 /* Constant.h */ = {isa = PBXFileReference; fileEncoding = 4; lastKnownFileType = sourcecode.c.h; path = Constant.h; sourceTree = "<group>"; };
		C900A8D005588E6700809D76 /* Constant.m */ = {isa = PBXFileReference; fileEncoding = 4; lastKnownFileType = sourcecode.c.objc; path = Constant.m; sourceTree = "<group>"; };
		C900A8D105588E6700809D76 /* Expression.h */ = {isa = PBXFileReference; fileEncoding = 4; lastKnownFileType = sourcecode.c.h; path = Expression.h; sourceTree = "<group>"; };
		C900A8D205588E6700809D76 /* Expression.m */ = {isa = PBXFileReference; fileEncoding = 4; lastKnownFileType = sourcecode.c.objc; path = Expression.m; sourceTree = "<group>"; };
		C900A8D305588E6700809D76 /* Bracket.h */ = {isa = PBXFileReference; fileEncoding = 4; lastKnownFileType = sourcecode.c.h; path = Bracket.h; sourceTree = "<group>"; };
		C900A8D405588E6700809D76 /* BinaryOp.h */ = {isa = PBXFileReference; fileEncoding = 4; lastKnownFileType = sourcecode.c.h; path = BinaryOp.h; sourceTree = "<group>"; };
		C900A8D505588E6700809D76 /* PostOp.h */ = {isa = PBXFileReference; fileEncoding = 4; lastKnownFileType = sourcecode.c.h; path = PostOp.h; sourceTree = "<group>"; };
		C900A8E605588E7200809D76 /* BigFloat.h */ = {isa = PBXFileReference; fileEncoding = 4; lastKnownFileType = sourcecode.c.h; path = BigFloat.h; sourceTree = "<group>"; };
		C900A8E705588E7200809D76 /* BigFloat.m */ = {isa = PBXFileReference; fileEncoding = 4; lastKnownFileType = sourcecode.c.objc; path = BigFloat.m; sourceTree = "<group>"; };
		C900A8E805588E7200809D76 /* BigCFloat.h */ = {isa = PBXFileReference; fileEncoding = 4; lastKnownFileType = sourcecode.c.h; path = BigCFloat.h; sourceTree = "<group>"; };
		C900A8E905588E7200809D76 /* BigCFloat.m */ = {isa = PBXFileReference; fileEncoding = 4; lastKnownFileType = sourcecode.c.objc; path = BigCFloat.m; sourceTree = "<group>"; };
		C900A8EF05588EA300809D76 /* CallBack.h */ = {isa = PBXFileReference; fileEncoding = 4; lastKnownFileType = sourcecode.c.h; path = CallBack.h; sourceTree = "<group>"; };
		C900A8F005588EA300809D76 /* CallBack.m */ = {isa = PBXFileReference; fileEncoding = 4; lastKnownFileType = sourcecode.c.objc; path = CallBack.m; sourceTree = "<group>"; };
		C900A8F105588EA300809D76 /* ExpressionSymbols.m */ = {isa = PBXFileReference; fileEncoding = 4; lastKnownFileType = sourcecode.c.objc; path = ExpressionSymbols.m; sourceTree = "<group>"; };
		C900A8F205588EA300809D76 /* DataFunctions.h */ = {isa = PBXFileReference; fileEncoding = 4; lastKnownFileType = sourcecode.c.h; path = DataFunctions.h; sourceTree = "<group>"; };
		C900A8F305588EA300809D76 /* DataFunctions.m */ = {isa = PBXFileReference; fileEncoding = 4; lastKnownFileType = sourcecode.c.objc; path = DataFunctions.m; sourceTree = "<group>"; };
		C900A8F405588EA300809D76 /* ExpressionSymbols.h */ = {isa = PBXFileReference; fileEncoding = 4; lastKnownFileType = sourcecode.c.h; path = ExpressionSymbols.h; sourceTree = "<group>"; };
		C900A8F505588EA300809D76 /* OpEnumerations.h */ = {isa = PBXFileReference; fileEncoding = 4; lastKnownFileType = sourcecode.c.h; path = OpEnumerations.h; sourceTree = "<group>"; };
		C900A91B05588FB000809D76 /* expression_tree.png */ = {isa = PBXFileReference; lastKnownFileType = image.png; path = expression_tree.png; sourceTree = "<group>"; };
		C900A91C05588FB000809D76 /* Magic_Number_Machine_Buttons.html */ = {isa = PBXFileReference; fileEncoding = 4; lastKnownFileType = text.html; path = Magic_Number_Machine_Buttons.html; sourceTree = "<group>"; };
		C900A91D05588FB000809D76 /* Magic_Number_Machine_Help.html */ = {isa = PBXFileReference; fileEncoding = 4; lastKnownFileType = text.html; path = Magic_Number_Machine_Help.html; sourceTree = "<group>"; };
		C900A91E05588FB000809D76 /* Magic_Number_Machine_Key_Features.html */ = {isa = PBXFileReference; fileEncoding = 4; lastKnownFileType = text.html; path = Magic_Number_Machine_Key_Features.html; sourceTree = "<group>"; };
		C900A91F05588FB000809D76 /* Magic_Number_Machine_RAQ.html */ = {isa = PBXFileReference; fileEncoding = 4; lastKnownFileType = text.html; path = Magic_Number_Machine_RAQ.html; sourceTree = "<group>"; };
		C900A92005588FB000809D76 /* Magic_Number_Machine_Source_Code.html */ = {isa = PBXFileReference; fileEncoding = 4; lastKnownFileType = text.html; path = Magic_Number_Machine_Source_Code.html; sourceTree = "<group>"; };
		C900A92105588FB000809D76 /* top_level_design.png */ = {isa = PBXFileReference; lastKnownFileType = image.png; path = top_level_design.png; sourceTree = "<group>"; };
		C900A92905588FC400809D76 /* Icon.icns */ = {isa = PBXFileReference; lastKnownFileType = image.icns; path = Icon.icns; sourceTree = "<group>"; };
		C93A20C40624459300F3A43C /* key_shortcuts.png */ = {isa = PBXFileReference; lastKnownFileType = image.png; path = key_shortcuts.png; sourceTree = "<group>"; };
		C95D1E4F0F536C4300851908 /* Italian */ = {isa = PBXFileReference; fileEncoding = 4; lastKnownFileType = text.plist.strings; name = Italian; path = es.lproj/InfoPlist.strings; sourceTree = "<group>"; };
/* End PBXFileReference section */

/* Begin PBXFrameworksBuildPhase section */
		8D11072E0486CEB800E47090 /* Frameworks */ = {
			isa = PBXFrameworksBuildPhase;
			buildActionMask = 2147483647;
			files = (
			);
			runOnlyForDeploymentPostprocessing = 0;
		};
/* End PBXFrameworksBuildPhase section */

/* Begin PBXGroup section */
		080E96DDFE201D6D7F000001 /* Control Classes */ = {
			isa = PBXGroup;
			children = (
				C900A87105588DFA00809D76 /* InputManager.h */,
				C900A87405588DFA00809D76 /* InputManager.m */,
				C900A87605588DFA00809D76 /* DataManager.h */,
				C900A87205588DFA00809D76 /* DataManager.m */,
				C900A87305588DFA00809D76 /* DrawerManager.h */,
				C900A87505588DFA00809D76 /* DrawerManager.m */,
			);
			name = "Control Classes";
			sourceTree = "<group>";
		};
		1058C7A0FEA54F0111CA2CBB /* Linked Frameworks */ = {
			isa = PBXGroup;
			children = (
				1058C7A1FEA54F0111CA2CBB /* Cocoa.framework */,
			);
			name = "Linked Frameworks";
			sourceTree = "<group>";
		};
		19C28FACFE9D520D11CA2CBB /* Products */ = {
			isa = PBXGroup;
			children = (
				8D1107320486CEB800E47090 /* Magic Number Machine.app */,
			);
			name = Products;
			sourceTree = "<group>";
		};
		29B97314FDCFA39411CA2CEA /* Magic Number Machine XCode */ = {
			isa = PBXGroup;
			children = (
				47B96FD71B13372E0064FEEB /* README.md */,
				C900A87005588DBC00809D76 /* BigFloat Classes */,
				C900A86D05588DB000809D76 /* Expression Classes */,
				475DA32429B528CC002DB3FF /* Graphics */,
				C900A86A05588DA000809D76 /* View Classes */,
				080E96DDFE201D6D7F000001 /* Control Classes */,
				29B97315FDCFA39411CA2CEA /* Other Sources */,
				29B97317FDCFA39411CA2CEA /* Resources */,
				29B97323FDCFA39411CA2CEA /* Frameworks */,
				19C28FACFE9D520D11CA2CBB /* Products */,
			);
			name = "Magic Number Machine XCode";
			sourceTree = "<group>";
		};
		29B97315FDCFA39411CA2CEA /* Other Sources */ = {
			isa = PBXGroup;
			children = (
				47D8742129B694E100F94CEE /* SYFlatButton.h */,
				47D8742229B694E100F94CEE /* SYFlatButton.m */,
				C900A8EF05588EA300809D76 /* CallBack.h */,
				C900A8F005588EA300809D76 /* CallBack.m */,
				C900A8F205588EA300809D76 /* DataFunctions.h */,
				C900A8F305588EA300809D76 /* DataFunctions.m */,
				C900A8F405588EA300809D76 /* ExpressionSymbols.h */,
				C900A8F105588EA300809D76 /* ExpressionSymbols.m */,
				C900A8F505588EA300809D76 /* OpEnumerations.h */,
				32CA4F630368D1EE00C91783 /* Magic Number Machine_Prefix.pch */,
				29B97316FDCFA39411CA2CEA /* main.m */,
				47B96FD31B11E0EE0064FEEB /* NSObject+NSPerformSelector.h */,
				47B96FD41B11E0EE0064FEEB /* NSObject+NSPerformSelector.m */,
				2F6947941B17B3EC0012C173 /* Magic Number Machine-Bridging-Header.h */,
				2F6947971B17B60A0012C173 /* History.h */,
				2F6947981B17B60A0012C173 /* History.m */,
			);
			name = "Other Sources";
			sourceTree = "<group>";
		};
		29B97317FDCFA39411CA2CEA /* Resources */ = {
			isa = PBXGroup;
			children = (
				2F5568B92179256F00652D06 /* FrenchGUI.strings */,
				2F5568B62179255A00652D06 /* SpanishGUI.strings */,
				2F5568C02179258100652D06 /* ItalianGUI.strings */,
				C95D1E430F536BC000851908 /* MNMWindow.nib */,
				C956BF2B05E8C099002D425F /* Localizable.strings */,
				8D1107310486CEB800E47090 /* Info.plist */,
				C900A92905588FC400809D76 /* Icon.icns */,
				C900A91A05588FB000809D76 /* Help */,
				089C165CFE840E0CC02AAC07 /* InfoPlist.strings */,
				2F6947921B1771FC0012C173 /* Media.xcassets */,
			);
			name = Resources;
			sourceTree = "<group>";
		};
		29B97323FDCFA39411CA2CEA /* Frameworks */ = {
			isa = PBXGroup;
			children = (
				1058C7A0FEA54F0111CA2CBB /* Linked Frameworks */,
			);
			name = Frameworks;
			sourceTree = "<group>";
		};
		475DA32429B528CC002DB3FF /* Graphics */ = {
			isa = PBXGroup;
			children = (
				475DA32529B528EE002DB3FF /* 2nd.svg */,
				475DA32D29B528EF002DB3FF /* 2x.svg */,
				475DA32629B528EE002DB3FF /* 10x.svg */,
				475DA32C29B528EF002DB3FF /* CubeRoot.svg */,
				475DA32A29B528EE002DB3FF /* etox.svg */,
				475DA32729B528EE002DB3FF /* reciprocal.svg */,
				475DA32829B528EE002DB3FF /* xcubed.svg */,
				475DA32929B528EE002DB3FF /* xsquared.svg */,
				475DA32B29B528EF002DB3FF /* xtoy.svg */,
			);
			path = Graphics;
			sourceTree = "<group>";
		};
		C900A86A05588DA000809D76 /* View Classes */ = {
			isa = PBXGroup;
			children = (
				C900A8B205588E2E00809D76 /* MainWindow.h */,
				C900A8B505588E2E00809D76 /* MainWindow.m */,
				C900A8B305588E2E00809D76 /* HistoryCell.m */,
				C900A8B405588E2E00809D76 /* HistoryCell.h */,
				C900A8B605588E2E00809D76 /* BlankingView.h */,
				C900A8B705588E2E00809D76 /* BlankingView.m */,
				C900A8B805588E2E00809D76 /* DrawerView.h */,
				C900A8B905588E2E00809D76 /* DrawerView.m */,
				C900A8BA05588E2E00809D76 /* ExpressionDisplay.h */,
				C900A8BB05588E2E00809D76 /* ExpressionDisplay.m */,
			);
			name = "View Classes";
			sourceTree = "<group>";
		};
		C900A86D05588DB000809D76 /* Expression Classes */ = {
			isa = PBXGroup;
			children = (
				C900A8C605588E6700809D76 /* PreOp.h */,
				C900A8C705588E6700809D76 /* PreOp.m */,
				C900A8C905588E6700809D76 /* TreeHead.h */,
				C900A8CA05588E6700809D76 /* TreeHead.m */,
				C900A8CC05588E6700809D76 /* Value.h */,
				C900A8CB05588E6700809D76 /* Value.m */,
				C900A8D405588E6700809D76 /* BinaryOp.h */,
				C900A8CD05588E6700809D76 /* BinaryOp.m */,
				C900A8D305588E6700809D76 /* Bracket.h */,
				C900A8CE05588E6700809D76 /* Bracket.m */,
				C900A8CF05588E6700809D76 /* Constant.h */,
				C900A8D005588E6700809D76 /* Constant.m */,
				C900A8D105588E6700809D76 /* Expression.h */,
				C900A8D205588E6700809D76 /* Expression.m */,
				C900A8D505588E6700809D76 /* PostOp.h */,
				C900A8C805588E6700809D76 /* PostOp.m */,
			);
			name = "Expression Classes";
			sourceTree = "<group>";
		};
		C900A87005588DBC00809D76 /* BigFloat Classes */ = {
			isa = PBXGroup;
			children = (
				C900A8E605588E7200809D76 /* BigFloat.h */,
				C900A8E705588E7200809D76 /* BigFloat.m */,
				C900A8E805588E7200809D76 /* BigCFloat.h */,
				C900A8E905588E7200809D76 /* BigCFloat.m */,
			);
			name = "BigFloat Classes";
			sourceTree = "<group>";
		};
		C900A91A05588FB000809D76 /* Help */ = {
			isa = PBXGroup;
			children = (
				2F5568AC2178C44D00652D06 /* Magic-Number-Machine.pdf */,
				C93A20C40624459300F3A43C /* key_shortcuts.png */,
				C900A91B05588FB000809D76 /* expression_tree.png */,
				C900A91C05588FB000809D76 /* Magic_Number_Machine_Buttons.html */,
				C900A91D05588FB000809D76 /* Magic_Number_Machine_Help.html */,
				C900A91E05588FB000809D76 /* Magic_Number_Machine_Key_Features.html */,
				C900A91F05588FB000809D76 /* Magic_Number_Machine_RAQ.html */,
				C900A92005588FB000809D76 /* Magic_Number_Machine_Source_Code.html */,
				C900A92105588FB000809D76 /* top_level_design.png */,
			);
			path = Help;
			sourceTree = "<group>";
		};
/* End PBXGroup section */

/* Begin PBXHeadersBuildPhase section */
		8D1107270486CEB800E47090 /* Headers */ = {
			isa = PBXHeadersBuildPhase;
			buildActionMask = 2147483647;
			files = (
				47B96FD51B11E0EE0064FEEB /* NSObject+NSPerformSelector.h in Headers */,
				47D8742329B694E100F94CEE /* SYFlatButton.h in Headers */,
				2F6947991B17B60A0012C173 /* History.h in Headers */,
			);
			runOnlyForDeploymentPostprocessing = 0;
		};
/* End PBXHeadersBuildPhase section */

/* Begin PBXNativeTarget section */
		8D1107260486CEB800E47090 /* Magic Number Machine */ = {
			isa = PBXNativeTarget;
			buildConfigurationList = C9556618092DB998003B8FED /* Build configuration list for PBXNativeTarget "Magic Number Machine" */;
			buildPhases = (
				8D1107270486CEB800E47090 /* Headers */,
				8D1107290486CEB800E47090 /* Resources */,
				8D11072C0486CEB800E47090 /* Sources */,
				8D11072E0486CEB800E47090 /* Frameworks */,
			);
			buildRules = (
			);
			dependencies = (
			);
			name = "Magic Number Machine";
			packageProductDependencies = (
			);
			productInstallPath = "$(HOME)/Applications";
			productName = "Magic Number Machine XCode";
			productReference = 8D1107320486CEB800E47090 /* Magic Number Machine.app */;
			productType = "com.apple.product-type.application";
		};
/* End PBXNativeTarget section */

/* Begin PBXProject section */
		29B97313FDCFA39411CA2CEA /* Project object */ = {
			isa = PBXProject;
			attributes = {
				LastUpgradeCheck = 1420;
				TargetAttributes = {
					8D1107260486CEB800E47090 = {
						DevelopmentTeam = 6389FT2N69;
						ProvisioningStyle = Automatic;
					};
				};
			};
			buildConfigurationList = C955661C092DB998003B8FED /* Build configuration list for PBXProject "Magic Number Machine" */;
			compatibilityVersion = "Xcode 6.3";
			developmentRegion = en;
			hasScannedForEncodings = 1;
			knownRegions = (
				Base,
				es,
				fr,
				it,
				en,
				de,
			);
			mainGroup = 29B97314FDCFA39411CA2CEA /* Magic Number Machine XCode */;
			packageReferences = (
			);
			projectDirPath = "";
			projectRoot = "";
			targets = (
				8D1107260486CEB800E47090 /* Magic Number Machine */,
			);
		};
/* End PBXProject section */

/* Begin PBXResourcesBuildPhase section */
		8D1107290486CEB800E47090 /* Resources */ = {
			isa = PBXResourcesBuildPhase;
			buildActionMask = 2147483647;
			files = (
				475DA31C29B4A664002DB3FF /* Magic_Number_Machine_Buttons.html in Resources */,
				475DA33629B528EF002DB3FF /* 2x.svg in Resources */,
				C900A92A05588FC400809D76 /* Icon.icns in Resources */,
				475DA33429B528EF002DB3FF /* xtoy.svg in Resources */,
				475DA32E29B528EF002DB3FF /* 2nd.svg in Resources */,
				2F5568AD2178C44D00652D06 /* Magic-Number-Machine.pdf in Resources */,
				C956BF2D05E8C099002D425F /* Localizable.strings in Resources */,
				475DA33329B528EF002DB3FF /* etox.svg in Resources */,
				475DA33229B528EF002DB3FF /* xsquared.svg in Resources */,
				475DA32F29B528EF002DB3FF /* 10x.svg in Resources */,
				2F5568BE2179256F00652D06 /* FrenchGUI.strings in Resources */,
				2F5568B82179255A00652D06 /* SpanishGUI.strings in Resources */,
				475DA33029B528EF002DB3FF /* reciprocal.svg in Resources */,
				2F5568C42179258100652D06 /* ItalianGUI.strings in Resources */,
				2F6947931B1771FC0012C173 /* Media.xcassets in Resources */,
				475DA33529B528EF002DB3FF /* CubeRoot.svg in Resources */,
				C95D1E450F536BC000851908 /* MNMWindow.nib in Resources */,
				475DA33129B528EF002DB3FF /* xcubed.svg in Resources */,
			);
			runOnlyForDeploymentPostprocessing = 0;
		};
/* End PBXResourcesBuildPhase section */

/* Begin PBXSourcesBuildPhase section */
		8D11072C0486CEB800E47090 /* Sources */ = {
			isa = PBXSourcesBuildPhase;
			buildActionMask = 2147483647;
			files = (
				8D11072D0486CEB800E47090 /* main.m in Sources */,
				C900A87805588DFA00809D76 /* DataManager.m in Sources */,
				C900A87A05588DFA00809D76 /* InputManager.m in Sources */,
				C900A87B05588DFA00809D76 /* DrawerManager.m in Sources */,
				C900A8BD05588E2E00809D76 /* HistoryCell.m in Sources */,
				47D8742429B694E100F94CEE /* SYFlatButton.m in Sources */,
				C900A8BF05588E2E00809D76 /* MainWindow.m in Sources */,
				C900A8C105588E2E00809D76 /* BlankingView.m in Sources */,
				C900A8C305588E2E00809D76 /* DrawerView.m in Sources */,
				47B96FD61B11E0EE0064FEEB /* NSObject+NSPerformSelector.m in Sources */,
				C900A8C505588E2E00809D76 /* ExpressionDisplay.m in Sources */,
				C900A8D705588E6700809D76 /* PreOp.m in Sources */,
				C900A8D805588E6700809D76 /* PostOp.m in Sources */,
				C900A8DA05588E6700809D76 /* TreeHead.m in Sources */,
				C900A8DB05588E6700809D76 /* Value.m in Sources */,
				2F69479A1B17B60A0012C173 /* History.m in Sources */,
				C900A8DD05588E6700809D76 /* BinaryOp.m in Sources */,
				C900A8DE05588E6700809D76 /* Bracket.m in Sources */,
				C900A8E005588E6700809D76 /* Constant.m in Sources */,
				C900A8E205588E6700809D76 /* Expression.m in Sources */,
				C900A8EB05588E7200809D76 /* BigFloat.m in Sources */,
				C900A8ED05588E7200809D76 /* BigCFloat.m in Sources */,
				C900A8F805588EA300809D76 /* CallBack.m in Sources */,
				C900A8F905588EA300809D76 /* ExpressionSymbols.m in Sources */,
				C900A8FB05588EA300809D76 /* DataFunctions.m in Sources */,
			);
			runOnlyForDeploymentPostprocessing = 0;
		};
/* End PBXSourcesBuildPhase section */

/* Begin PBXVariantGroup section */
		089C165CFE840E0CC02AAC07 /* InfoPlist.strings */ = {
			isa = PBXVariantGroup;
			children = (
				C95D1E4F0F536C4300851908 /* Italian */,
				2F5568BB2179256F00652D06 /* fr */,
				2F5568C32179258100652D06 /* it */,
				475793F229AE3E360055DEB4 /* en */,
				47D8742729B7884200F94CEE /* de */,
			);
			name = InfoPlist.strings;
			sourceTree = "<group>";
		};
		2F5568B62179255A00652D06 /* SpanishGUI.strings */ = {
			isa = PBXVariantGroup;
			children = (
				2F5568B72179255A00652D06 /* es */,
			);
			name = SpanishGUI.strings;
			sourceTree = "<group>";
		};
		2F5568B92179256F00652D06 /* FrenchGUI.strings */ = {
			isa = PBXVariantGroup;
			children = (
				2F5568BA2179256F00652D06 /* fr */,
			);
			name = FrenchGUI.strings;
			sourceTree = "<group>";
		};
		2F5568C02179258100652D06 /* ItalianGUI.strings */ = {
			isa = PBXVariantGroup;
			children = (
				2F5568C12179258100652D06 /* it */,
			);
			name = ItalianGUI.strings;
			sourceTree = "<group>";
		};
		C956BF2B05E8C099002D425F /* Localizable.strings */ = {
			isa = PBXVariantGroup;
			children = (
				2F5568B52179255A00652D06 /* es */,
				2F5568BD2179256F00652D06 /* fr */,
				2F5568C22179258100652D06 /* it */,
				475793F329AE3E360055DEB4 /* en */,
				47D8742629B7884200F94CEE /* de */,
			);
			name = Localizable.strings;
			sourceTree = "<group>";
		};
		C95D1E430F536BC000851908 /* MNMWindow.nib */ = {
			isa = PBXVariantGroup;
			children = (
				475F2C72217272C000D8EB2E /* Base */,
				2F5568B42179255A00652D06 /* es */,
				2F5568BC2179256F00652D06 /* fr */,
				2F5568BF2179258100652D06 /* it */,
				47D8742529B7884200F94CEE /* de */,
			);
			name = MNMWindow.nib;
			sourceTree = "<group>";
		};
/* End PBXVariantGroup section */

/* Begin XCBuildConfiguration section */
		C9556619092DB998003B8FED /* Development */ = {
			isa = XCBuildConfiguration;
			buildSettings = {
				CLANG_ENABLE_MODULES = YES;
				CLANG_ENABLE_OBJC_ARC = YES;
				CODE_SIGN_IDENTITY = "Mac Developer";
				CODE_SIGN_STYLE = Automatic;
				COMBINE_HIDPI_IMAGES = YES;
				COPY_PHASE_STRIP = NO;
				DEAD_CODE_STRIPPING = YES;
				DEVELOPMENT_TEAM = 6389FT2N69;
				ENABLE_HARDENED_RUNTIME = YES;
				FRAMEWORK_SEARCH_PATHS = "";
				GCC_DYNAMIC_NO_PIC = NO;
				GCC_ENABLE_TRIGRAPHS = NO;
				GCC_GENERATE_DEBUGGING_SYMBOLS = YES;
				GCC_OPTIMIZATION_LEVEL = 0;
				GCC_PRECOMPILE_PREFIX_HEADER = YES;
				GCC_PREFIX_HEADER = "Magic Number Machine_Prefix.pch";
				GCC_WARN_ABOUT_MISSING_PROTOTYPES = NO;
				GCC_WARN_FOUR_CHARACTER_CONSTANTS = NO;
				GCC_WARN_UNKNOWN_PRAGMAS = NO;
				HEADER_SEARCH_PATHS = "";
				INFOPLIST_FILE = Info.plist;
				INFOPLIST_KEY_LSApplicationCategoryType = "public.app-category.education";
				INSTALL_PATH = "$(HOME)/Applications";
				LD_RUNPATH_SEARCH_PATHS = "$(inherited) @executable_path/../Frameworks";
				LIBRARY_SEARCH_PATHS = "";
				MACOSX_DEPLOYMENT_TARGET = 10.14;
				OTHER_CFLAGS = "";
				OTHER_LDFLAGS = "";
				PRODUCT_BUNDLE_IDENTIFIER = com.inspirations.magicnumbermachine;
				PRODUCT_NAME = "Magic Number Machine";
				PROVISIONING_PROFILE_SPECIFIER = "";
				SECTORDER_FLAGS = "";
				SWIFT_OBJC_BRIDGING_HEADER = "Magic Number Machine-Bridging-Header.h";
				SWIFT_OPTIMIZATION_LEVEL = "-Onone";
				SWIFT_VERSION = 5.0;
				WARNING_CFLAGS = (
					"-Wmost",
					"-Wno-four-char-constants",
					"-Wno-unknown-pragmas",
				);
				WRAPPER_EXTENSION = app;
				ZERO_LINK = YES;
			};
			name = Development;
		};
		C955661A092DB998003B8FED /* Deployment */ = {
			isa = XCBuildConfiguration;
			buildSettings = {
				CLANG_ENABLE_MODULES = YES;
				CLANG_ENABLE_OBJC_ARC = YES;
				CODE_SIGN_IDENTITY = "Mac Developer";
				CODE_SIGN_STYLE = Automatic;
				COMBINE_HIDPI_IMAGES = YES;
				COPY_PHASE_STRIP = NO;
				DEAD_CODE_STRIPPING = YES;
				DEVELOPMENT_TEAM = 6389FT2N69;
				ENABLE_HARDENED_RUNTIME = YES;
				FRAMEWORK_SEARCH_PATHS = "";
				GCC_ENABLE_TRIGRAPHS = NO;
				GCC_GENERATE_DEBUGGING_SYMBOLS = YES;
				GCC_PRECOMPILE_PREFIX_HEADER = YES;
				GCC_PREFIX_HEADER = "Magic Number Machine_Prefix.pch";
				GCC_WARN_ABOUT_MISSING_PROTOTYPES = NO;
				GCC_WARN_FOUR_CHARACTER_CONSTANTS = NO;
				GCC_WARN_UNKNOWN_PRAGMAS = NO;
				HEADER_SEARCH_PATHS = "";
				INFOPLIST_FILE = Info.plist;
				INFOPLIST_KEY_LSApplicationCategoryType = "public.app-category.education";
				INSTALL_PATH = "$(HOME)/Applications";
				LD_RUNPATH_SEARCH_PATHS = "$(inherited) @executable_path/../Frameworks";
				LIBRARY_SEARCH_PATHS = "";
				MACOSX_DEPLOYMENT_TARGET = 10.14;
				OTHER_CFLAGS = "";
				OTHER_LDFLAGS = "";
				PRODUCT_BUNDLE_IDENTIFIER = com.inspirations.magicnumbermachine;
				PRODUCT_NAME = "Magic Number Machine";
				PROVISIONING_PROFILE_SPECIFIER = "";
				SECTORDER_FLAGS = "";
				SWIFT_OBJC_BRIDGING_HEADER = "Magic Number Machine-Bridging-Header.h";
				SWIFT_VERSION = 5.0;
				WARNING_CFLAGS = (
					"-Wmost",
					"-Wno-four-char-constants",
					"-Wno-unknown-pragmas",
				);
				WRAPPER_EXTENSION = app;
				ZERO_LINK = NO;
			};
			name = Deployment;
		};
		C955661B092DB998003B8FED /* Default */ = {
			isa = XCBuildConfiguration;
			buildSettings = {
				CLANG_ENABLE_MODULES = YES;
				CLANG_ENABLE_OBJC_ARC = YES;
				CODE_SIGN_IDENTITY = "Apple Development";
				CODE_SIGN_STYLE = Automatic;
				COMBINE_HIDPI_IMAGES = YES;
				COPY_PHASE_STRIP = NO;
				DEAD_CODE_STRIPPING = YES;
				"DEBUG_INFORMATION_FORMAT[sdk=macosx*]" = "";
				DEVELOPMENT_TEAM = 6389FT2N69;
				ENABLE_HARDENED_RUNTIME = YES;
				FRAMEWORK_SEARCH_PATHS = "";
				GCC_ENABLE_TRIGRAPHS = NO;
				GCC_GENERATE_DEBUGGING_SYMBOLS = YES;
				GCC_OPTIMIZATION_LEVEL = 0;
				GCC_PRECOMPILE_PREFIX_HEADER = YES;
				GCC_PREFIX_HEADER = "Magic Number Machine_Prefix.pch";
				GCC_WARN_ABOUT_MISSING_PROTOTYPES = NO;
				GCC_WARN_FOUR_CHARACTER_CONSTANTS = NO;
				GCC_WARN_UNKNOWN_PRAGMAS = NO;
				HEADER_SEARCH_PATHS = "";
				INFOPLIST_FILE = Info.plist;
				INFOPLIST_KEY_LSApplicationCategoryType = "public.app-category.education";
				INSTALL_PATH = "$(HOME)/Applications";
				LD_RUNPATH_SEARCH_PATHS = "$(inherited) @executable_path/../Frameworks";
				LIBRARY_SEARCH_PATHS = "";
				MACOSX_DEPLOYMENT_TARGET = 10.14;
				OTHER_CFLAGS = "";
				OTHER_LDFLAGS = "";
				PRODUCT_BUNDLE_IDENTIFIER = com.inspirations.magicnumbermachine;
				PRODUCT_NAME = "Magic Number Machine";
				PROVISIONING_PROFILE_SPECIFIER = "";
				SECTORDER_FLAGS = "";
				SWIFT_OBJC_BRIDGING_HEADER = "Magic Number Machine-Bridging-Header.h";
				SWIFT_OPTIMIZATION_LEVEL = "-Onone";
				SWIFT_VERSION = 5.0;
				WARNING_CFLAGS = (
					"-Wmost",
					"-Wno-four-char-constants",
					"-Wno-unknown-pragmas",
				);
				WRAPPER_EXTENSION = app;
			};
			name = Default;
		};
		C955661D092DB998003B8FED /* Development */ = {
			isa = XCBuildConfiguration;
			buildSettings = {
				CLANG_ANALYZER_LOCALIZABILITY_NONLOCALIZED = YES;
				CLANG_WARN_BLOCK_CAPTURE_AUTORELEASING = YES;
				CLANG_WARN_BOOL_CONVERSION = YES;
				CLANG_WARN_COMMA = YES;
				CLANG_WARN_CONSTANT_CONVERSION = YES;
				CLANG_WARN_DEPRECATED_OBJC_IMPLEMENTATIONS = YES;
				CLANG_WARN_EMPTY_BODY = YES;
				CLANG_WARN_ENUM_CONVERSION = YES;
				CLANG_WARN_INFINITE_RECURSION = YES;
				CLANG_WARN_INT_CONVERSION = YES;
				CLANG_WARN_NON_LITERAL_NULL_CONVERSION = YES;
				CLANG_WARN_OBJC_IMPLICIT_RETAIN_SELF = YES;
				CLANG_WARN_OBJC_LITERAL_CONVERSION = YES;
				CLANG_WARN_QUOTED_INCLUDE_IN_FRAMEWORK_HEADER = YES;
				CLANG_WARN_RANGE_LOOP_ANALYSIS = YES;
				CLANG_WARN_STRICT_PROTOTYPES = YES;
				CLANG_WARN_SUSPICIOUS_MOVE = YES;
				CLANG_WARN_UNREACHABLE_CODE = YES;
				CLANG_WARN__DUPLICATE_METHOD_MATCH = YES;
				DEAD_CODE_STRIPPING = YES;
				ENABLE_STRICT_OBJC_MSGSEND = YES;
				ENABLE_TESTABILITY = YES;
				GCC_NO_COMMON_BLOCKS = YES;
				GCC_OPTIMIZATION_LEVEL = 0;
				GCC_WARN_64_TO_32_BIT_CONVERSION = YES;
				GCC_WARN_ABOUT_RETURN_TYPE = YES;
				GCC_WARN_UNDECLARED_SELECTOR = YES;
				GCC_WARN_UNINITIALIZED_AUTOS = YES;
				GCC_WARN_UNUSED_FUNCTION = YES;
				GCC_WARN_UNUSED_VARIABLE = YES;
				MACOSX_DEPLOYMENT_TARGET = 10.10;
				ONLY_ACTIVE_ARCH = YES;
				SDKROOT = macosx;
			};
			name = Development;
		};
		C955661E092DB998003B8FED /* Deployment */ = {
			isa = XCBuildConfiguration;
			buildSettings = {
				CLANG_ANALYZER_LOCALIZABILITY_NONLOCALIZED = YES;
				CLANG_WARN_BLOCK_CAPTURE_AUTORELEASING = YES;
				CLANG_WARN_BOOL_CONVERSION = YES;
				CLANG_WARN_COMMA = YES;
				CLANG_WARN_CONSTANT_CONVERSION = YES;
				CLANG_WARN_DEPRECATED_OBJC_IMPLEMENTATIONS = YES;
				CLANG_WARN_EMPTY_BODY = YES;
				CLANG_WARN_ENUM_CONVERSION = YES;
				CLANG_WARN_INFINITE_RECURSION = YES;
				CLANG_WARN_INT_CONVERSION = YES;
				CLANG_WARN_NON_LITERAL_NULL_CONVERSION = YES;
				CLANG_WARN_OBJC_IMPLICIT_RETAIN_SELF = YES;
				CLANG_WARN_OBJC_LITERAL_CONVERSION = YES;
				CLANG_WARN_QUOTED_INCLUDE_IN_FRAMEWORK_HEADER = YES;
				CLANG_WARN_RANGE_LOOP_ANALYSIS = YES;
				CLANG_WARN_STRICT_PROTOTYPES = YES;
				CLANG_WARN_SUSPICIOUS_MOVE = YES;
				CLANG_WARN_UNREACHABLE_CODE = YES;
				CLANG_WARN__DUPLICATE_METHOD_MATCH = YES;
				DEAD_CODE_STRIPPING = YES;
				ENABLE_STRICT_OBJC_MSGSEND = YES;
				GCC_NO_COMMON_BLOCKS = YES;
				GCC_OPTIMIZATION_LEVEL = s;
				GCC_WARN_64_TO_32_BIT_CONVERSION = YES;
				GCC_WARN_ABOUT_RETURN_TYPE = YES;
				GCC_WARN_UNDECLARED_SELECTOR = YES;
				GCC_WARN_UNINITIALIZED_AUTOS = YES;
				GCC_WARN_UNUSED_FUNCTION = YES;
				GCC_WARN_UNUSED_VARIABLE = YES;
				MACOSX_DEPLOYMENT_TARGET = 10.10;
				SDKROOT = macosx;
			};
			name = Deployment;
		};
		C955661F092DB998003B8FED /* Default */ = {
			isa = XCBuildConfiguration;
			buildSettings = {
				CLANG_ANALYZER_LOCALIZABILITY_NONLOCALIZED = YES;
				CLANG_WARN_BLOCK_CAPTURE_AUTORELEASING = YES;
				CLANG_WARN_BOOL_CONVERSION = YES;
				CLANG_WARN_COMMA = YES;
				CLANG_WARN_CONSTANT_CONVERSION = YES;
				CLANG_WARN_DEPRECATED_OBJC_IMPLEMENTATIONS = YES;
				CLANG_WARN_EMPTY_BODY = YES;
				CLANG_WARN_ENUM_CONVERSION = YES;
				CLANG_WARN_INFINITE_RECURSION = YES;
				CLANG_WARN_INT_CONVERSION = YES;
				CLANG_WARN_NON_LITERAL_NULL_CONVERSION = YES;
				CLANG_WARN_OBJC_IMPLICIT_RETAIN_SELF = YES;
				CLANG_WARN_OBJC_LITERAL_CONVERSION = YES;
				CLANG_WARN_QUOTED_INCLUDE_IN_FRAMEWORK_HEADER = YES;
				CLANG_WARN_RANGE_LOOP_ANALYSIS = YES;
				CLANG_WARN_STRICT_PROTOTYPES = YES;
				CLANG_WARN_SUSPICIOUS_MOVE = YES;
				CLANG_WARN_UNREACHABLE_CODE = YES;
				CLANG_WARN__DUPLICATE_METHOD_MATCH = YES;
				DEAD_CODE_STRIPPING = YES;
				ENABLE_STRICT_OBJC_MSGSEND = YES;
				GCC_NO_COMMON_BLOCKS = YES;
				GCC_OPTIMIZATION_LEVEL = 0;
				GCC_WARN_64_TO_32_BIT_CONVERSION = YES;
				GCC_WARN_ABOUT_RETURN_TYPE = YES;
				GCC_WARN_UNDECLARED_SELECTOR = YES;
				GCC_WARN_UNINITIALIZED_AUTOS = YES;
				GCC_WARN_UNUSED_FUNCTION = YES;
				GCC_WARN_UNUSED_VARIABLE = YES;
				MACOSX_DEPLOYMENT_TARGET = 10.10;
				SDKROOT = macosx;
			};
			name = Default;
		};
/* End XCBuildConfiguration section */

/* Begin XCConfigurationList section */
		C9556618092DB998003B8FED /* Build configuration list for PBXNativeTarget "Magic Number Machine" */ = {
			isa = XCConfigurationList;
			buildConfigurations = (
				C9556619092DB998003B8FED /* Development */,
				C955661A092DB998003B8FED /* Deployment */,
				C955661B092DB998003B8FED /* Default */,
			);
			defaultConfigurationIsVisible = 0;
			defaultConfigurationName = Default;
		};
		C955661C092DB998003B8FED /* Build configuration list for PBXProject "Magic Number Machine" */ = {
			isa = XCConfigurationList;
			buildConfigurations = (
				C955661D092DB998003B8FED /* Development */,
				C955661E092DB998003B8FED /* Deployment */,
				C955661F092DB998003B8FED /* Default */,
			);
			defaultConfigurationIsVisible = 0;
			defaultConfigurationName = Default;
		};
/* End XCConfigurationList section */
	};
	rootObject = 29B97313FDCFA39411CA2CEA /* Project object */;
}
